schema: '2.0'
stages:
  data_ingestion:
    cmd: python src/cnnClassifier/pipeline/stage_01_data_ingestion.py
    deps:
    - path: config/config.yaml
      hash: md5
      md5: 64b1a3412a9054de70736abb6b55b634
      size: 584
    - path: src/cnnClassifier/pipeline/stage_01_data_ingestion.py
      hash: md5
      md5: ab5be81b094a9cc423b08beae6c402d9
      size: 914
    outs:
    - path: artifacts/data_ingestion/Chest-CT-Scan-data
      hash: md5
      md5: 904fa45d934ce879b3b1933dca6cb2f1.dir
      size: 49247431
      nfiles: 343
  prepare_base_model:
    cmd: python src/cnnClassifier/pipeline/stage_02_model_prepare.py
    deps:
    - path: config/config.yaml
      hash: md5
      md5: 64b1a3412a9054de70736abb6b55b634
      size: 584
    - path: src/cnnClassifier/pipeline/stage_02_model_prepare.py
      hash: md5
      md5: 20e1e5def116d35c3c77047c7af694a3
      size: 997
    params:
      params.yaml:
        CLASSES: 2
        IMAGE_SIZE:
        - 224
        - 224
        - 3
        INCLUDE_TOP: false
        LEARNING_RATE: 0.01
        WEIGHTS: imagenet
    outs:
    - path: artifacts/prepare_base_model
      hash: md5
      md5: 3b13afe5ec6b144a03f1fa251e4b8d8d.dir
      size: 89571614
      nfiles: 2
  training:
    cmd: python src/cnnClassifier/pipeline/stage_03_trainig_model.py
    deps:
    - path: artifacts/data_ingestion/Chest-CT-Scan-data
      hash: md5
      md5: 904fa45d934ce879b3b1933dca6cb2f1.dir
      size: 49247431
      nfiles: 343
    - path: artifacts/prepare_base_model
      hash: md5
      md5: 3b13afe5ec6b144a03f1fa251e4b8d8d.dir
      size: 89571614
      nfiles: 2
    - path: config/config.yaml
      hash: md5
      md5: 64b1a3412a9054de70736abb6b55b634
      size: 584
    - path: src/cnnClassifier/pipeline/stage_03_trainig_model.py
      hash: md5
      md5: 323f4ff9e5081a66f0bb1a1d1f2e809c
      size: 930
    params:
      params.yaml:
        AUGMENTATION: true
        BATCH_SIZE: 16
        EPOCHS: 10
        IMAGE_SIZE:
        - 224
        - 224
        - 3
    outs:
    - path: artifacts/training/model.pt
      hash: md5
      md5: 74b2ae99d916d6840dc33475a33036d4
      size: 44782274
  evaluation:
    cmd: python src/cnnClassifier/pipeline/stage_04_model_evaluation.py
    deps:
    - path: artifacts/data_ingestion/Chest-CT-Scan-data
      hash: md5
      md5: 904fa45d934ce879b3b1933dca6cb2f1.dir
      size: 49247431
      nfiles: 343
    - path: artifacts/training/model.pt
      hash: md5
      md5: 74b2ae99d916d6840dc33475a33036d4
      size: 44782274
    - path: config/config.yaml
      hash: md5
      md5: 64b1a3412a9054de70736abb6b55b634
      size: 584
    - path: src/cnnClassifier/pipeline/stage_04_model_evaluation.py
      hash: md5
      md5: 02facdccebbd7fda6b05a49d8b62a4f9
      size: 855
    params:
      params.yaml:
        BATCH_SIZE: 16
        IMAGE_SIZE:
        - 224
        - 224
        - 3
    outs:
    - path: scores.json
      hash: md5
      md5: 24109f563f62060e4e8dc7e7e0e170e9
      size: 74
